
Microsoft Visual Studio Solution File, Format Version 12.00
# Visual Studio 15
Project("{FAE04EC0-301F-11D3-BF4B-00C04F79EFBC}") = "Assembly-CSharp", "Assembly-CSharp.csproj", "{D7E77D0E-9D4D-4C15-2CCE-0F7262C9253B}"
EndProject
Global
	GlobalSection(SolutionConfigurationPlatforms) = preSolution
		Debug|Any CPU = Debug|Any CPU
		Release|Any CPU = Release|Any CPU
	EndGlobalSection
	GlobalSection(ProjectConfigurationPlatforms) = postSolution
		{D7E77D0E-9D4D-4C15-2CCE-0F7262C9253B}.Debug|Any CPU.ActiveCfg = Debug|Any CPU
		{D7E77D0E-9D4D-4C15-2CCE-0F7262C9253B}.Debug|Any CPU.Build.0 = Debug|Any CPU
		{D7E77D0E-9D4D-4C15-2CCE-0F7262C9253B}.Release|Any CPU.ActiveCfg = Release|Any CPU
		{D7E77D0E-9D4D-4C15-2CCE-0F7262C9253B}.Release|Any CPU.Build.0 = Release|Any CPU
	EndGlobalSection
	GlobalSection(SolutionProperties) = preSolution
		HideSolutionNode = FALSE
	EndGlobalSection
EndGlobal
